// !$*UTF8*$!
{
	archiveVersion = 1;
	classes = {
	};
	objectVersion = 55;
	objects = {

/* Begin PBXBuildFile section */
		B29914B885FF209355816E45 /* Pods_Pokemon_app.framework in Frameworks */ = {isa = PBXBuildFile; fileRef = 4AC8B71A3F0A38841C50A190 /* Pods_Pokemon_app.framework */; };
		D94943D327D73BEC0099B43B /* RootViewGettableProtocol.swift in Sources */ = {isa = PBXBuildFile; fileRef = D94943D227D73BEC0099B43B /* RootViewGettableProtocol.swift */; };
		D94943D627D753FD0099B43B /* RootViewGettableExtension.swift in Sources */ = {isa = PBXBuildFile; fileRef = D94943D527D753FD0099B43B /* RootViewGettableExtension.swift */; };
		D95BD3B127E59AFF009E6C9D /* PokemonTableHandler.swift in Sources */ = {isa = PBXBuildFile; fileRef = D95BD3B027E59AFF009E6C9D /* PokemonTableHandler.swift */; };
		D9672B0827BD39AF00C22518 /* View.swift in Sources */ = {isa = PBXBuildFile; fileRef = D9672B0727BD39AF00C22518 /* View.swift */; };
		D99014EA27AD230600BF4A96 /* AppDelegate.swift in Sources */ = {isa = PBXBuildFile; fileRef = D99014E927AD230600BF4A96 /* AppDelegate.swift */; };
		D99014EE27AD230600BF4A96 /* PokemonsListController.swift in Sources */ = {isa = PBXBuildFile; fileRef = D99014ED27AD230600BF4A96 /* PokemonsListController.swift */; };
		D99014F327AD230700BF4A96 /* Assets.xcassets in Resources */ = {isa = PBXBuildFile; fileRef = D99014F227AD230700BF4A96 /* Assets.xcassets */; };
		D99014F627AD230700BF4A96 /* LaunchScreen.storyboard in Resources */ = {isa = PBXBuildFile; fileRef = D99014F427AD230700BF4A96 /* LaunchScreen.storyboard */; };
		D99014FE27AD26EC00BF4A96 /* PokemonsListController.xib in Resources */ = {isa = PBXBuildFile; fileRef = D99014FD27AD26EC00BF4A96 /* PokemonsListController.xib */; };
		D9AF8D9027E4754300A80E74 /* Requester.swift in Sources */ = {isa = PBXBuildFile; fileRef = D9AF8D8F27E4754300A80E74 /* Requester.swift */; };
		D9AF8D9227E476C100A80E74 /* Pokemons.swift in Sources */ = {isa = PBXBuildFile; fileRef = D9AF8D9127E476C100A80E74 /* Pokemons.swift */; };
		D9AF8D9727E5177C00A80E74 /* TableHandler.swift in Sources */ = {isa = PBXBuildFile; fileRef = D9AF8D9627E5177C00A80E74 /* TableHandler.swift */; };
/* End PBXBuildFile section */

/* Begin PBXFileReference section */
		183AF450472505B5EAF43BD6 /* Pods-Pokemon-app.debug.xcconfig */ = {isa = PBXFileReference; includeInIndex = 1; lastKnownFileType = text.xcconfig; name = "Pods-Pokemon-app.debug.xcconfig"; path = "Target Support Files/Pods-Pokemon-app/Pods-Pokemon-app.debug.xcconfig"; sourceTree = "<group>"; };
		4AC8B71A3F0A38841C50A190 /* Pods_Pokemon_app.framework */ = {isa = PBXFileReference; explicitFileType = wrapper.framework; includeInIndex = 0; path = Pods_Pokemon_app.framework; sourceTree = BUILT_PRODUCTS_DIR; };
		AB339709F7BB318FE01C6F93 /* Pods-Pokemon-app.release.xcconfig */ = {isa = PBXFileReference; includeInIndex = 1; lastKnownFileType = text.xcconfig; name = "Pods-Pokemon-app.release.xcconfig"; path = "Target Support Files/Pods-Pokemon-app/Pods-Pokemon-app.release.xcconfig"; sourceTree = "<group>"; };
		D94943D227D73BEC0099B43B /* RootViewGettableProtocol.swift */ = {isa = PBXFileReference; lastKnownFileType = sourcecode.swift; path = RootViewGettableProtocol.swift; sourceTree = "<group>"; };
		D94943D527D753FD0099B43B /* RootViewGettableExtension.swift */ = {isa = PBXFileReference; lastKnownFileType = sourcecode.swift; path = RootViewGettableExtension.swift; sourceTree = "<group>"; };
		D95BD3B027E59AFF009E6C9D /* PokemonTableHandler.swift */ = {isa = PBXFileReference; lastKnownFileType = sourcecode.swift; path = PokemonTableHandler.swift; sourceTree = "<group>"; };
		D9672B0727BD39AF00C22518 /* View.swift */ = {isa = PBXFileReference; lastKnownFileType = sourcecode.swift; path = View.swift; sourceTree = "<group>"; };
		D99014E627AD230600BF4A96 /* Pokemon-app.app */ = {isa = PBXFileReference; explicitFileType = wrapper.application; includeInIndex = 0; path = "Pokemon-app.app"; sourceTree = BUILT_PRODUCTS_DIR; };
		D99014E927AD230600BF4A96 /* AppDelegate.swift */ = {isa = PBXFileReference; lastKnownFileType = sourcecode.swift; path = AppDelegate.swift; sourceTree = "<group>"; };
		D99014ED27AD230600BF4A96 /* PokemonsListController.swift */ = {isa = PBXFileReference; lastKnownFileType = sourcecode.swift; path = PokemonsListController.swift; sourceTree = "<group>"; };
		D99014F227AD230700BF4A96 /* Assets.xcassets */ = {isa = PBXFileReference; lastKnownFileType = folder.assetcatalog; path = Assets.xcassets; sourceTree = "<group>"; };
		D99014F527AD230700BF4A96 /* Base */ = {isa = PBXFileReference; lastKnownFileType = file.storyboard; name = Base; path = Base.lproj/LaunchScreen.storyboard; sourceTree = "<group>"; };
		D99014F727AD230700BF4A96 /* Info.plist */ = {isa = PBXFileReference; lastKnownFileType = text.plist.xml; path = Info.plist; sourceTree = "<group>"; };
		D99014FD27AD26EC00BF4A96 /* PokemonsListController.xib */ = {isa = PBXFileReference; lastKnownFileType = file.xib; path = PokemonsListController.xib; sourceTree = "<group>"; };
		D9AF8D8F27E4754300A80E74 /* Requester.swift */ = {isa = PBXFileReference; lastKnownFileType = sourcecode.swift; path = Requester.swift; sourceTree = "<group>"; };
		D9AF8D9127E476C100A80E74 /* Pokemons.swift */ = {isa = PBXFileReference; lastKnownFileType = sourcecode.swift; path = Pokemons.swift; sourceTree = "<group>"; };
		D9AF8D9627E5177C00A80E74 /* TableHandler.swift */ = {isa = PBXFileReference; lastKnownFileType = sourcecode.swift; path = TableHandler.swift; sourceTree = "<group>"; };
/* End PBXFileReference section */

/* Begin PBXFrameworksBuildPhase section */
		D99014E327AD230600BF4A96 /* Frameworks */ = {
			isa = PBXFrameworksBuildPhase;
			buildActionMask = 2147483647;
			files = (
				B29914B885FF209355816E45 /* Pods_Pokemon_app.framework in Frameworks */,
			);
			runOnlyForDeploymentPostprocessing = 0;
		};
/* End PBXFrameworksBuildPhase section */

/* Begin PBXGroup section */
		2929CCC0B6CC219966A99945 /* Pods */ = {
			isa = PBXGroup;
			children = (
				183AF450472505B5EAF43BD6 /* Pods-Pokemon-app.debug.xcconfig */,
				AB339709F7BB318FE01C6F93 /* Pods-Pokemon-app.release.xcconfig */,
			);
			path = Pods;
			sourceTree = "<group>";
		};
		6EB70523A951A2A0C8994E97 /* Frameworks */ = {
			isa = PBXGroup;
			children = (
				4AC8B71A3F0A38841C50A190 /* Pods_Pokemon_app.framework */,
			);
			name = Frameworks;
			sourceTree = "<group>";
		};
		D94943CE27D73AB10099B43B /* View */ = {
			isa = PBXGroup;
			children = (
				D9672B0727BD39AF00C22518 /* View.swift */,
			);
			path = View;
			sourceTree = "<group>";
		};
		D94943CF27D73AE70099B43B /* Model */ = {
			isa = PBXGroup;
			children = (
				D9AF8D9127E476C100A80E74 /* Pokemons.swift */,
			);
			path = Model;
			sourceTree = "<group>";
		};
		D94943D027D73B120099B43B /* Controller */ = {
			isa = PBXGroup;
			children = (
				D99014E927AD230600BF4A96 /* AppDelegate.swift */,
				D99014FD27AD26EC00BF4A96 /* PokemonsListController.xib */,
				D99014ED27AD230600BF4A96 /* PokemonsListController.swift */,
			);
			path = Controller;
			sourceTree = "<group>";
		};
		D94943D127D73BA70099B43B /* Protocols */ = {
			isa = PBXGroup;
			children = (
				D94943D227D73BEC0099B43B /* RootViewGettableProtocol.swift */,
			);
			path = Protocols;
			sourceTree = "<group>";
		};
		D94943D427D73CCA0099B43B /* Extensions */ = {
			isa = PBXGroup;
			children = (
				D94943D527D753FD0099B43B /* RootViewGettableExtension.swift */,
			);
			path = Extensions;
			sourceTree = "<group>";
		};
		D99014DD27AD230600BF4A96 = {
			isa = PBXGroup;
			children = (
				D99014E827AD230600BF4A96 /* Pokemon-app */,
				D99014E727AD230600BF4A96 /* Products */,
				2929CCC0B6CC219966A99945 /* Pods */,
				6EB70523A951A2A0C8994E97 /* Frameworks */,
			);
			sourceTree = "<group>";
		};
		D99014E727AD230600BF4A96 /* Products */ = {
			isa = PBXGroup;
			children = (
				D99014E627AD230600BF4A96 /* Pokemon-app.app */,
			);
			name = Products;
			sourceTree = "<group>";
		};
		D99014E827AD230600BF4A96 /* Pokemon-app */ = {
			isa = PBXGroup;
			children = (
				D9AF8D9327E516AB00A80E74 /* Protocols */,
				D9AF8D8E27E4751900A80E74 /* Managers */,
				D94943D427D73CCA0099B43B /* Extensions */,
				D94943CF27D73AE70099B43B /* Model */,
				D94943CE27D73AB10099B43B /* View */,
				D94943D027D73B120099B43B /* Controller */,
				D94943D127D73BA70099B43B /* Protocols */,
				D99014F427AD230700BF4A96 /* LaunchScreen.storyboard */,
				D99014F727AD230700BF4A96 /* Info.plist */,
				D99014F227AD230700BF4A96 /* Assets.xcassets */,
			);
			path = "Pokemon-app";
			sourceTree = "<group>";
		};
		D9AF8D8E27E4751900A80E74 /* Managers */ = {
			isa = PBXGroup;
			children = (
				D9AF8D8F27E4754300A80E74 /* Requester.swift */,
				D95BD3B027E59AFF009E6C9D /* PokemonTableHandler.swift */,
			);
			name = Managers;
			path = Extensions;
			sourceTree = "<group>";
		};
		D9AF8D9327E516AB00A80E74 /* Protocols */ = {
			isa = PBXGroup;
			children = (
				D9AF8D9627E5177C00A80E74 /* TableHandler.swift */,
			);
			name = Protocols;
			path = Extensions/Protocols;
			sourceTree = "<group>";
		};
/* End PBXGroup section */

/* Begin PBXNativeTarget section */
		D99014E527AD230600BF4A96 /* Pokemon-app */ = {
			isa = PBXNativeTarget;
			buildConfigurationList = D99014FA27AD230700BF4A96 /* Build configuration list for PBXNativeTarget "Pokemon-app" */;
			buildPhases = (
				4A2ABF916A8CBF2DD65EBCD3 /* [CP] Check Pods Manifest.lock */,
				D99014E227AD230600BF4A96 /* Sources */,
				D99014E327AD230600BF4A96 /* Frameworks */,
				D99014E427AD230600BF4A96 /* Resources */,
				1A0CE6932D21E776F7BA5E5F /* [CP] Embed Pods Frameworks */,
			);
			buildRules = (
			);
			dependencies = (
			);
			name = "Pokemon-app";
			productName = "Pokemon-app";
			productReference = D99014E627AD230600BF4A96 /* Pokemon-app.app */;
			productType = "com.apple.product-type.application";
		};
/* End PBXNativeTarget section */

/* Begin PBXProject section */
		D99014DE27AD230600BF4A96 /* Project object */ = {
			isa = PBXProject;
			attributes = {
				BuildIndependentTargetsInParallel = 1;
				LastSwiftUpdateCheck = 1320;
				LastUpgradeCheck = 1320;
				TargetAttributes = {
					D99014E527AD230600BF4A96 = {
						CreatedOnToolsVersion = 13.2.1;
					};
				};
			};
			buildConfigurationList = D99014E127AD230600BF4A96 /* Build configuration list for PBXProject "Pokemon-app" */;
			compatibilityVersion = "Xcode 13.0";
			developmentRegion = en;
			hasScannedForEncodings = 0;
			knownRegions = (
				en,
				Base,
			);
			mainGroup = D99014DD27AD230600BF4A96;
			productRefGroup = D99014E727AD230600BF4A96 /* Products */;
			projectDirPath = "";
			projectRoot = "";
			targets = (
				D99014E527AD230600BF4A96 /* Pokemon-app */,
			);
		};
/* End PBXProject section */

/* Begin PBXResourcesBuildPhase section */
		D99014E427AD230600BF4A96 /* Resources */ = {
			isa = PBXResourcesBuildPhase;
			buildActionMask = 2147483647;
			files = (
				D99014F627AD230700BF4A96 /* LaunchScreen.storyboard in Resources */,
				D99014FE27AD26EC00BF4A96 /* PokemonsListController.xib in Resources */,
				D99014F327AD230700BF4A96 /* Assets.xcassets in Resources */,
			);
			runOnlyForDeploymentPostprocessing = 0;
		};
/* End PBXResourcesBuildPhase section */

/* Begin PBXShellScriptBuildPhase section */
		1A0CE6932D21E776F7BA5E5F /* [CP] Embed Pods Frameworks */ = {
			isa = PBXShellScriptBuildPhase;
			buildActionMask = 2147483647;
			files = (
			);
			inputFileListPaths = (
				"${PODS_ROOT}/Target Support Files/Pods-Pokemon-app/Pods-Pokemon-app-frameworks-${CONFIGURATION}-input-files.xcfilelist",
			);
			name = "[CP] Embed Pods Frameworks";
			outputFileListPaths = (
				"${PODS_ROOT}/Target Support Files/Pods-Pokemon-app/Pods-Pokemon-app-frameworks-${CONFIGURATION}-output-files.xcfilelist",
			);
			runOnlyForDeploymentPostprocessing = 0;
			shellPath = /bin/sh;
			shellScript = "\"${PODS_ROOT}/Target Support Files/Pods-Pokemon-app/Pods-Pokemon-app-frameworks.sh\"\n";
			showEnvVarsInLog = 0;
		};
		4A2ABF916A8CBF2DD65EBCD3 /* [CP] Check Pods Manifest.lock */ = {
			isa = PBXShellScriptBuildPhase;
			buildActionMask = 2147483647;
			files = (
			);
			inputFileListPaths = (
			);
			inputPaths = (
				"${PODS_PODFILE_DIR_PATH}/Podfile.lock",
				"${PODS_ROOT}/Manifest.lock",
			);
			name = "[CP] Check Pods Manifest.lock";
			outputFileListPaths = (
			);
			outputPaths = (
				"$(DERIVED_FILE_DIR)/Pods-Pokemon-app-checkManifestLockResult.txt",
			);
			runOnlyForDeploymentPostprocessing = 0;
			shellPath = /bin/sh;
			shellScript = "diff \"${PODS_PODFILE_DIR_PATH}/Podfile.lock\" \"${PODS_ROOT}/Manifest.lock\" > /dev/null\nif [ $? != 0 ] ; then\n    # print error to STDERR\n    echo \"error: The sandbox is not in sync with the Podfile.lock. Run 'pod install' or update your CocoaPods installation.\" >&2\n    exit 1\nfi\n# This output is used by Xcode 'outputs' to avoid re-running this script phase.\necho \"SUCCESS\" > \"${SCRIPT_OUTPUT_FILE_0}\"\n";
			showEnvVarsInLog = 0;
		};
/* End PBXShellScriptBuildPhase section */

/* Begin PBXSourcesBuildPhase section */
		D99014E227AD230600BF4A96 /* Sources */ = {
			isa = PBXSourcesBuildPhase;
			buildActionMask = 2147483647;
			files = (
				D9672B0827BD39AF00C22518 /* View.swift in Sources */,
				D99014EE27AD230600BF4A96 /* PokemonsListController.swift in Sources */,
				D94943D627D753FD0099B43B /* RootViewGettableExtension.swift in Sources */,
				D95BD3B127E59AFF009E6C9D /* PokemonTableHandler.swift in Sources */,
				D9AF8D9727E5177C00A80E74 /* TableHandler.swift in Sources */,
				D94943D327D73BEC0099B43B /* RootViewGettableProtocol.swift in Sources */,
				D9AF8D9027E4754300A80E74 /* Requester.swift in Sources */,
				D9AF8D9227E476C100A80E74 /* Pokemons.swift in Sources */,
				D99014EA27AD230600BF4A96 /* AppDelegate.swift in Sources */,
			);
			runOnlyForDeploymentPostprocessing = 0;
		};
/* End PBXSourcesBuildPhase section */

/* Begin PBXVariantGroup section */
		D99014F427AD230700BF4A96 /* LaunchScreen.storyboard */ = {
			isa = PBXVariantGroup;
			children = (
				D99014F527AD230700BF4A96 /* Base */,
			);
			name = LaunchScreen.storyboard;
			sourceTree = "<group>";
		};
/* End PBXVariantGroup section */

/* Begin XCBuildConfiguration section */
		D99014F827AD230700BF4A96 /* Debug */ = {
			isa = XCBuildConfiguration;
			buildSettings = {
				ALWAYS_SEARCH_USER_PATHS = NO;
				CLANG_ANALYZER_NONNULL = YES;
				CLANG_ANALYZER_NUMBER_OBJECT_CONVERSION = YES_AGGRESSIVE;
				CLANG_CXX_LANGUAGE_STANDARD = "gnu++17";
				CLANG_CXX_LIBRARY = "libc++";
				CLANG_ENABLE_MODULES = YES;
				CLANG_ENABLE_OBJC_ARC = YES;
				CLANG_ENABLE_OBJC_WEAK = YES;
				CLANG_WARN_BLOCK_CAPTURE_AUTORELEASING = YES;
				CLANG_WARN_BOOL_CONVERSION = YES;
				CLANG_WARN_COMMA = YES;
				CLANG_WARN_CONSTANT_CONVERSION = YES;
				CLANG_WARN_DEPRECATED_OBJC_IMPLEMENTATIONS = YES;
				CLANG_WARN_DIRECT_OBJC_ISA_USAGE = YES_ERROR;
				CLANG_WARN_DOCUMENTATION_COMMENTS = YES;
				CLANG_WARN_EMPTY_BODY = YES;
				CLANG_WARN_ENUM_CONVERSION = YES;
				CLANG_WARN_INFINITE_RECURSION = YES;
				CLANG_WARN_INT_CONVERSION = YES;
				CLANG_WARN_NON_LITERAL_NULL_CONVERSION = YES;
				CLANG_WARN_OBJC_IMPLICIT_RETAIN_SELF = YES;
				CLANG_WARN_OBJC_LITERAL_CONVERSION = YES;
				CLANG_WARN_OBJC_ROOT_CLASS = YES_ERROR;
				CLANG_WARN_QUOTED_INCLUDE_IN_FRAMEWORK_HEADER = YES;
				CLANG_WARN_RANGE_LOOP_ANALYSIS = YES;
				CLANG_WARN_STRICT_PROTOTYPES = YES;
				CLANG_WARN_SUSPICIOUS_MOVE = YES;
				CLANG_WARN_UNGUARDED_AVAILABILITY = YES_AGGRESSIVE;
				CLANG_WARN_UNREACHABLE_CODE = YES;
				CLANG_WARN__DUPLICATE_METHOD_MATCH = YES;
				COPY_PHASE_STRIP = NO;
				DEBUG_INFORMATION_FORMAT = dwarf;
				ENABLE_STRICT_OBJC_MSGSEND = YES;
				ENABLE_TESTABILITY = YES;
				GCC_C_LANGUAGE_STANDARD = gnu11;
				GCC_DYNAMIC_NO_PIC = NO;
				GCC_NO_COMMON_BLOCKS = YES;
				GCC_OPTIMIZATION_LEVEL = 0;
				GCC_PREPROCESSOR_DEFINITIONS = (
					"DEBUG=1",
					"$(inherited)",
				);
				GCC_WARN_64_TO_32_BIT_CONVERSION = YES;
				GCC_WARN_ABOUT_RETURN_TYPE = YES_ERROR;
				GCC_WARN_UNDECLARED_SELECTOR = YES;
				GCC_WARN_UNINITIALIZED_AUTOS = YES_AGGRESSIVE;
				GCC_WARN_UNUSED_FUNCTION = YES;
				GCC_WARN_UNUSED_VARIABLE = YES;
				IPHONEOS_DEPLOYMENT_TARGET = 15.2;
				MTL_ENABLE_DEBUG_INFO = INCLUDE_SOURCE;
				MTL_FAST_MATH = YES;
				ONLY_ACTIVE_ARCH = YES;
				SDKROOT = iphoneos;
				SWIFT_ACTIVE_COMPILATION_CONDITIONS = DEBUG;
				SWIFT_OPTIMIZATION_LEVEL = "-Onone";
			};
			name = Debug;
		};
		D99014F927AD230700BF4A96 /* Release */ = {
			isa = XCBuildConfiguration;
			buildSettings = {
				ALWAYS_SEARCH_USER_PATHS = NO;
				CLANG_ANALYZER_NONNULL = YES;
				CLANG_ANALYZER_NUMBER_OBJECT_CONVERSION = YES_AGGRESSIVE;
				CLANG_CXX_LANGUAGE_STANDARD = "gnu++17";
				CLANG_CXX_LIBRARY = "libc++";
				CLANG_ENABLE_MODULES = YES;
				CLANG_ENABLE_OBJC_ARC = YES;
				CLANG_ENABLE_OBJC_WEAK = YES;
				CLANG_WARN_BLOCK_CAPTURE_AUTORELEASING = YES;
				CLANG_WARN_BOOL_CONVERSION = YES;
				CLANG_WARN_COMMA = YES;
				CLANG_WARN_CONSTANT_CONVERSION = YES;
				CLANG_WARN_DEPRECATED_OBJC_IMPLEMENTATIONS = YES;
				CLANG_WARN_DIRECT_OBJC_ISA_USAGE = YES_ERROR;
				CLANG_WARN_DOCUMENTATION_COMMENTS = YES;
				CLANG_WARN_EMPTY_BODY = YES;
				CLANG_WARN_ENUM_CONVERSION = YES;
				CLANG_WARN_INFINITE_RECURSION = YES;
				CLANG_WARN_INT_CONVERSION = YES;
				CLANG_WARN_NON_LITERAL_NULL_CONVERSION = YES;
				CLANG_WARN_OBJC_IMPLICIT_RETAIN_SELF = YES;
				CLANG_WARN_OBJC_LITERAL_CONVERSION = YES;
				CLANG_WARN_OBJC_ROOT_CLASS = YES_ERROR;
				CLANG_WARN_QUOTED_INCLUDE_IN_FRAMEWORK_HEADER = YES;
				CLANG_WARN_RANGE_LOOP_ANALYSIS = YES;
				CLANG_WARN_STRICT_PROTOTYPES = YES;
				CLANG_WARN_SUSPICIOUS_MOVE = YES;
				CLANG_WARN_UNGUARDED_AVAILABILITY = YES_AGGRESSIVE;
				CLANG_WARN_UNREACHABLE_CODE = YES;
				CLANG_WARN__DUPLICATE_METHOD_MATCH = YES;
				COPY_PHASE_STRIP = NO;
				DEBUG_INFORMATION_FORMAT = "dwarf-with-dsym";
				ENABLE_NS_ASSERTIONS = NO;
				ENABLE_STRICT_OBJC_MSGSEND = YES;
				GCC_C_LANGUAGE_STANDARD = gnu11;
				GCC_NO_COMMON_BLOCKS = YES;
				GCC_WARN_64_TO_32_BIT_CONVERSION = YES;
				GCC_WARN_ABOUT_RETURN_TYPE = YES_ERROR;
				GCC_WARN_UNDECLARED_SELECTOR = YES;
				GCC_WARN_UNINITIALIZED_AUTOS = YES_AGGRESSIVE;
				GCC_WARN_UNUSED_FUNCTION = YES;
				GCC_WARN_UNUSED_VARIABLE = YES;
				IPHONEOS_DEPLOYMENT_TARGET = 15.2;
				MTL_ENABLE_DEBUG_INFO = NO;
				MTL_FAST_MATH = YES;
				SDKROOT = iphoneos;
				SWIFT_COMPILATION_MODE = wholemodule;
				SWIFT_OPTIMIZATION_LEVEL = "-O";
				VALIDATE_PRODUCT = YES;
			};
			name = Release;
		};
		D99014FB27AD230700BF4A96 /* Debug */ = {
			isa = XCBuildConfiguration;
			baseConfigurationReference = 183AF450472505B5EAF43BD6 /* Pods-Pokemon-app.debug.xcconfig */;
			buildSettings = {
				ASSETCATALOG_COMPILER_APPICON_NAME = AppIcon;
				ASSETCATALOG_COMPILER_GLOBAL_ACCENT_COLOR_NAME = AccentColor;
				CODE_SIGN_STYLE = Automatic;
				CURRENT_PROJECT_VERSION = 1;
				DEVELOPMENT_TEAM = 766FVMV63R;
				GENERATE_INFOPLIST_FILE = YES;
				INFOPLIST_FILE = "Pokemon-app/Info.plist";
				INFOPLIST_KEY_UIApplicationSupportsIndirectInputEvents = YES;
				INFOPLIST_KEY_UILaunchStoryboardName = LaunchScreen;
				INFOPLIST_KEY_UISupportedInterfaceOrientations_iPad = "UIInterfaceOrientationPortrait UIInterfaceOrientationPortraitUpsideDown UIInterfaceOrientationLandscapeLeft UIInterfaceOrientationLandscapeRight";
				INFOPLIST_KEY_UISupportedInterfaceOrientations_iPhone = "UIInterfaceOrientationPortrait UIInterfaceOrientationLandscapeLeft UIInterfaceOrientationLandscapeRight";
				IPHONEOS_DEPLOYMENT_TARGET = 13.0;
				LD_RUNPATH_SEARCH_PATHS = (
					"$(inherited)",
					"@executable_path/Frameworks",
				);
				MARKETING_VERSION = 1.0;
				PRODUCT_BUNDLE_IDENTIFIER = "com.ermakov.Pokemon-app";
				PRODUCT_NAME = "$(TARGET_NAME)";
				SWIFT_EMIT_LOC_STRINGS = YES;
				SWIFT_VERSION = 5.0;
				TARGETED_DEVICE_FAMILY = 1;
			};
			name = Debug;
		};
		D99014FC27AD230700BF4A96 /* Release */ = {
			isa = XCBuildConfiguration;
			baseConfigurationReference = AB339709F7BB318FE01C6F93 /* Pods-Pokemon-app.release.xcconfig */;
			buildSettings = {
				ASSETCATALOG_COMPILER_APPICON_NAME = AppIcon;
				ASSETCATALOG_COMPILER_GLOBAL_ACCENT_COLOR_NAME = AccentColor;
				CODE_SIGN_STYLE = Automatic;
				CURRENT_PROJECT_VERSION = 1;
				DEVELOPMENT_TEAM = 766FVMV63R;
				GENERATE_INFOPLIST_FILE = YES;
				INFOPLIST_FILE = "Pokemon-app/Info.plist";
				INFOPLIST_KEY_UIApplicationSupportsIndirectInputEvents = YES;
				INFOPLIST_KEY_UILaunchStoryboardName = LaunchScreen;
				INFOPLIST_KEY_UISupportedInterfaceOrientations_iPad = "UIInterfaceOrientationPortrait UIInterfaceOrientationPortraitUpsideDown UIInterfaceOrientationLandscapeLeft UIInterfaceOrientationLandscapeRight";
				INFOPLIST_KEY_UISupportedInterfaceOrientations_iPhone = "UIInterfaceOrientationPortrait UIInterfaceOrientationLandscapeLeft UIInterfaceOrientationLandscapeRight";
				IPHONEOS_DEPLOYMENT_TARGET = 13.0;
				LD_RUNPATH_SEARCH_PATHS = (
					"$(inherited)",
					"@executable_path/Frameworks",
				);
				MARKETING_VERSION = 1.0;
				PRODUCT_BUNDLE_IDENTIFIER = "com.ermakov.Pokemon-app";
				PRODUCT_NAME = "$(TARGET_NAME)";
				SWIFT_EMIT_LOC_STRINGS = YES;
				SWIFT_VERSION = 5.0;
				TARGETED_DEVICE_FAMILY = 1;
			};
			name = Release;
		};
/* End XCBuildConfiguration section */

/* Begin XCConfigurationList section */
		D99014E127AD230600BF4A96 /* Build configuration list for PBXProject "Pokemon-app" */ = {
			isa = XCConfigurationList;
			buildConfigurations = (
				D99014F827AD230700BF4A96 /* Debug */,
				D99014F927AD230700BF4A96 /* Release */,
			);
			defaultConfigurationIsVisible = 0;
			defaultConfigurationName = Release;
		};
		D99014FA27AD230700BF4A96 /* Build configuration list for PBXNativeTarget "Pokemon-app" */ = {
			isa = XCConfigurationList;
			buildConfigurations = (
				D99014FB27AD230700BF4A96 /* Debug */,
				D99014FC27AD230700BF4A96 /* Release */,
			);
			defaultConfigurationIsVisible = 0;
			defaultConfigurationName = Release;
		};
/* End XCConfigurationList section */
	};
	rootObject = D99014DE27AD230600BF4A96 /* Project object */;
}
