// !$*UTF8*$!
{
	archiveVersion = 1;
	classes = {
	};
	objectVersion = 55;
	objects = {

/* Begin PBXBuildFile section */
		C6341BC285FCB20F9CE6BB40 /* Pods_Pokemon_app.framework in Frameworks */ = {isa = PBXBuildFile; fileRef = 49D8DBA72A68D33249045000 /* Pods_Pokemon_app.framework */; };
		D90C04522812AB9D00804AA0 /* PokemonDetails.swift in Sources */ = {isa = PBXBuildFile; fileRef = D90C04512812AB9D00804AA0 /* PokemonDetails.swift */; };
		D90C04652812E96500804AA0 /* PokemonDetailController.swift in Sources */ = {isa = PBXBuildFile; fileRef = D90C04632812E96500804AA0 /* PokemonDetailController.swift */; };
		D90C04662812E96500804AA0 /* PokemonDetailController.xib in Resources */ = {isa = PBXBuildFile; fileRef = D90C04642812E96500804AA0 /* PokemonDetailController.xib */; };
		D90C04682812E9CA00804AA0 /* PokemonDetailView.swift in Sources */ = {isa = PBXBuildFile; fileRef = D90C04672812E9CA00804AA0 /* PokemonDetailView.swift */; };
		D9350930281FF6A700CF7AA4 /* PokemonsListDelegate.swift in Sources */ = {isa = PBXBuildFile; fileRef = D935092F281FF6A700CF7AA4 /* PokemonsListDelegate.swift */; };
		D93509322820080000CF7AA4 /* BaseViewController.swift in Sources */ = {isa = PBXBuildFile; fileRef = D93509312820080000CF7AA4 /* BaseViewController.swift */; };
		D93509342820203600CF7AA4 /* BaseView.swift in Sources */ = {isa = PBXBuildFile; fileRef = D93509332820203600CF7AA4 /* BaseView.swift */; };
		D94943D327D73BEC0099B43B /* RootViewGettable.swift in Sources */ = {isa = PBXBuildFile; fileRef = D94943D227D73BEC0099B43B /* RootViewGettable.swift */; };
		D94943D627D753FD0099B43B /* RootViewGettableExtension.swift in Sources */ = {isa = PBXBuildFile; fileRef = D94943D527D753FD0099B43B /* RootViewGettableExtension.swift */; };
		D953DEAE2840C50300E84CD3 /* Types.swift in Sources */ = {isa = PBXBuildFile; fileRef = D953DEA12840C50300E84CD3 /* Types.swift */; };
		D953DEAF2840C50300E84CD3 /* Operators.swift in Sources */ = {isa = PBXBuildFile; fileRef = D953DEA32840C50300E84CD3 /* Operators.swift */; };
		D953DEB02840C50300E84CD3 /* NetworkProcessable+Extensions.swift in Sources */ = {isa = PBXBuildFile; fileRef = D953DEA52840C50300E84CD3 /* NetworkProcessable+Extensions.swift */; };
		D953DEB12840C50300E84CD3 /* F.swift in Sources */ = {isa = PBXBuildFile; fileRef = D953DEA62840C50300E84CD3 /* F.swift */; };
		D953DEB22840C50300E84CD3 /* Dictionary+Extension.swift in Sources */ = {isa = PBXBuildFile; fileRef = D953DEA72840C50300E84CD3 /* Dictionary+Extension.swift */; };
		D953DEB32840C50300E84CD3 /* URL+Extensions.swift in Sources */ = {isa = PBXBuildFile; fileRef = D953DEA82840C50300E84CD3 /* URL+Extensions.swift */; };
		D953DEB42840C50300E84CD3 /* Headers+Extensions.swift in Sources */ = {isa = PBXBuildFile; fileRef = D953DEA92840C50300E84CD3 /* Headers+Extensions.swift */; };
		D953DEB52840C50300E84CD3 /* ErrorDecode.swift in Sources */ = {isa = PBXBuildFile; fileRef = D953DEAB2840C50300E84CD3 /* ErrorDecode.swift */; };
		D953DEB62840C50300E84CD3 /* Service.swift in Sources */ = {isa = PBXBuildFile; fileRef = D953DEAC2840C50300E84CD3 /* Service.swift */; };
		D953DEB72840C50300E84CD3 /* URLPathBuilder.swift in Sources */ = {isa = PBXBuildFile; fileRef = D953DEAD2840C50300E84CD3 /* URLPathBuilder.swift */; };
		D9672B0827BD39AF00C22518 /* PokemonsListView.swift in Sources */ = {isa = PBXBuildFile; fileRef = D9672B0727BD39AF00C22518 /* PokemonsListView.swift */; };
		D97C376728534B8C007FB4D1 /* PokemonsCacheble.swift in Sources */ = {isa = PBXBuildFile; fileRef = D97C376628534B8C007FB4D1 /* PokemonsCacheble.swift */; };
		D980EAE628722F62005EDA03 /* PokemonDataModel.xcdatamodeld in Sources */ = {isa = PBXBuildFile; fileRef = D980EAE428722F62005EDA03 /* PokemonDataModel.xcdatamodeld */; };
		D980EAE82873D129005EDA03 /* StorageManager.swift in Sources */ = {isa = PBXBuildFile; fileRef = D980EAE72873D128005EDA03 /* StorageManager.swift */; };
		D980EAEA2873D4AD005EDA03 /* PokemonsStorageProvider.swift in Sources */ = {isa = PBXBuildFile; fileRef = D980EAE92873D4AD005EDA03 /* PokemonsStorageProvider.swift */; };
		D99014EA27AD230600BF4A96 /* AppDelegate.swift in Sources */ = {isa = PBXBuildFile; fileRef = D99014E927AD230600BF4A96 /* AppDelegate.swift */; };
		D99014EE27AD230600BF4A96 /* PokemonsListController.swift in Sources */ = {isa = PBXBuildFile; fileRef = D99014ED27AD230600BF4A96 /* PokemonsListController.swift */; };
		D99014F327AD230700BF4A96 /* Assets.xcassets in Resources */ = {isa = PBXBuildFile; fileRef = D99014F227AD230700BF4A96 /* Assets.xcassets */; };
		D99014F627AD230700BF4A96 /* LaunchScreen.storyboard in Resources */ = {isa = PBXBuildFile; fileRef = D99014F427AD230700BF4A96 /* LaunchScreen.storyboard */; };
		D99014FE27AD26EC00BF4A96 /* PokemonsListController.xib in Resources */ = {isa = PBXBuildFile; fileRef = D99014FD27AD26EC00BF4A96 /* PokemonsListController.xib */; };
		D990150027AD299000BF4A96 /* URLSessionPokemonsRequester.swift in Sources */ = {isa = PBXBuildFile; fileRef = D99014FF27AD299000BF4A96 /* URLSessionPokemonsRequester.swift */; };
		D9934E0928254BD70000AA70 /* BaseCoordinator.swift in Sources */ = {isa = PBXBuildFile; fileRef = D9934E0828254BD70000AA70 /* BaseCoordinator.swift */; };
		D99A77992852734500DC8C64 /* CacheManager.swift in Sources */ = {isa = PBXBuildFile; fileRef = D99A77982852734500DC8C64 /* CacheManager.swift */; };
		D99A779B2852738700DC8C64 /* DataProvider.swift in Sources */ = {isa = PBXBuildFile; fileRef = D99A779A2852738700DC8C64 /* DataProvider.swift */; };
		D99A779D28528D8000DC8C64 /* ClassWrapper.swift in Sources */ = {isa = PBXBuildFile; fileRef = D99A779C28528D8000DC8C64 /* ClassWrapper.swift */; };
		D9A34FA4283F93010069AFC1 /* NoriSessionPokemonRequester.swift in Sources */ = {isa = PBXBuildFile; fileRef = D9A34FA3283F93010069AFC1 /* NoriSessionPokemonRequester.swift */; };
		D9A9B6CC27F568AE001281DA /* MainCoordinator.swift in Sources */ = {isa = PBXBuildFile; fileRef = D9A9B6CB27F568AE001281DA /* MainCoordinator.swift */; };
		D9AF8D9227E476C100A80E74 /* Pokemons.swift in Sources */ = {isa = PBXBuildFile; fileRef = D9AF8D9127E476C100A80E74 /* Pokemons.swift */; };
		D9F81A3327EAE360000DE32E /* PokemonsDataProvider.swift in Sources */ = {isa = PBXBuildFile; fileRef = D9F81A3227EAE360000DE32E /* PokemonsDataProvider.swift */; };
		D9F81A3627EB1592000DE32E /* AssociatedTypes.swift in Sources */ = {isa = PBXBuildFile; fileRef = D9F81A3527EB1592000DE32E /* AssociatedTypes.swift */; };
/* End PBXBuildFile section */

/* Begin PBXFileReference section */
		49D8DBA72A68D33249045000 /* Pods_Pokemon_app.framework */ = {isa = PBXFileReference; explicitFileType = wrapper.framework; includeInIndex = 0; path = Pods_Pokemon_app.framework; sourceTree = BUILT_PRODUCTS_DIR; };
		7A617D3627009D7C34CC30B1 /* Pods-Pokemon-app.debug.xcconfig */ = {isa = PBXFileReference; includeInIndex = 1; lastKnownFileType = text.xcconfig; name = "Pods-Pokemon-app.debug.xcconfig"; path = "Target Support Files/Pods-Pokemon-app/Pods-Pokemon-app.debug.xcconfig"; sourceTree = "<group>"; };
		CFF6AD5C029EC20269A58F07 /* Pods-Pokemon-app.release.xcconfig */ = {isa = PBXFileReference; includeInIndex = 1; lastKnownFileType = text.xcconfig; name = "Pods-Pokemon-app.release.xcconfig"; path = "Target Support Files/Pods-Pokemon-app/Pods-Pokemon-app.release.xcconfig"; sourceTree = "<group>"; };
		D90C04512812AB9D00804AA0 /* PokemonDetails.swift */ = {isa = PBXFileReference; lastKnownFileType = sourcecode.swift; path = PokemonDetails.swift; sourceTree = "<group>"; };
		D90C04632812E96500804AA0 /* PokemonDetailController.swift */ = {isa = PBXFileReference; lastKnownFileType = sourcecode.swift; path = PokemonDetailController.swift; sourceTree = "<group>"; };
		D90C04642812E96500804AA0 /* PokemonDetailController.xib */ = {isa = PBXFileReference; lastKnownFileType = file.xib; path = PokemonDetailController.xib; sourceTree = "<group>"; };
		D90C04672812E9CA00804AA0 /* PokemonDetailView.swift */ = {isa = PBXFileReference; lastKnownFileType = sourcecode.swift; path = PokemonDetailView.swift; sourceTree = "<group>"; };
		D935092F281FF6A700CF7AA4 /* PokemonsListDelegate.swift */ = {isa = PBXFileReference; lastKnownFileType = sourcecode.swift; path = PokemonsListDelegate.swift; sourceTree = "<group>"; };
		D93509312820080000CF7AA4 /* BaseViewController.swift */ = {isa = PBXFileReference; lastKnownFileType = sourcecode.swift; path = BaseViewController.swift; sourceTree = "<group>"; };
		D93509332820203600CF7AA4 /* BaseView.swift */ = {isa = PBXFileReference; lastKnownFileType = sourcecode.swift; path = BaseView.swift; sourceTree = "<group>"; };
		D94943D227D73BEC0099B43B /* RootViewGettable.swift */ = {isa = PBXFileReference; lastKnownFileType = sourcecode.swift; path = RootViewGettable.swift; sourceTree = "<group>"; };
		D94943D527D753FD0099B43B /* RootViewGettableExtension.swift */ = {isa = PBXFileReference; lastKnownFileType = sourcecode.swift; path = RootViewGettableExtension.swift; sourceTree = "<group>"; };
		D953DEA12840C50300E84CD3 /* Types.swift */ = {isa = PBXFileReference; fileEncoding = 4; lastKnownFileType = sourcecode.swift; path = Types.swift; sourceTree = "<group>"; };
		D953DEA32840C50300E84CD3 /* Operators.swift */ = {isa = PBXFileReference; fileEncoding = 4; lastKnownFileType = sourcecode.swift; path = Operators.swift; sourceTree = "<group>"; };
		D953DEA52840C50300E84CD3 /* NetworkProcessable+Extensions.swift */ = {isa = PBXFileReference; fileEncoding = 4; lastKnownFileType = sourcecode.swift; path = "NetworkProcessable+Extensions.swift"; sourceTree = "<group>"; };
		D953DEA62840C50300E84CD3 /* F.swift */ = {isa = PBXFileReference; fileEncoding = 4; lastKnownFileType = sourcecode.swift; path = F.swift; sourceTree = "<group>"; };
		D953DEA72840C50300E84CD3 /* Dictionary+Extension.swift */ = {isa = PBXFileReference; fileEncoding = 4; lastKnownFileType = sourcecode.swift; path = "Dictionary+Extension.swift"; sourceTree = "<group>"; };
		D953DEA82840C50300E84CD3 /* URL+Extensions.swift */ = {isa = PBXFileReference; fileEncoding = 4; lastKnownFileType = sourcecode.swift; path = "URL+Extensions.swift"; sourceTree = "<group>"; };
		D953DEA92840C50300E84CD3 /* Headers+Extensions.swift */ = {isa = PBXFileReference; fileEncoding = 4; lastKnownFileType = sourcecode.swift; path = "Headers+Extensions.swift"; sourceTree = "<group>"; };
		D953DEAB2840C50300E84CD3 /* ErrorDecode.swift */ = {isa = PBXFileReference; fileEncoding = 4; lastKnownFileType = sourcecode.swift; path = ErrorDecode.swift; sourceTree = "<group>"; };
		D953DEAC2840C50300E84CD3 /* Service.swift */ = {isa = PBXFileReference; fileEncoding = 4; lastKnownFileType = sourcecode.swift; path = Service.swift; sourceTree = "<group>"; };
		D953DEAD2840C50300E84CD3 /* URLPathBuilder.swift */ = {isa = PBXFileReference; fileEncoding = 4; lastKnownFileType = sourcecode.swift; path = URLPathBuilder.swift; sourceTree = "<group>"; };
		D9672B0727BD39AF00C22518 /* PokemonsListView.swift */ = {isa = PBXFileReference; lastKnownFileType = sourcecode.swift; path = PokemonsListView.swift; sourceTree = "<group>"; };
		D97C376628534B8C007FB4D1 /* PokemonsCacheble.swift */ = {isa = PBXFileReference; lastKnownFileType = sourcecode.swift; path = PokemonsCacheble.swift; sourceTree = "<group>"; };
		D980EAE528722F62005EDA03 /* PokemonDataModel.xcdatamodel */ = {isa = PBXFileReference; lastKnownFileType = wrapper.xcdatamodel; path = PokemonDataModel.xcdatamodel; sourceTree = "<group>"; };
		D980EAE72873D128005EDA03 /* StorageManager.swift */ = {isa = PBXFileReference; lastKnownFileType = sourcecode.swift; path = StorageManager.swift; sourceTree = "<group>"; };
		D980EAE92873D4AD005EDA03 /* PokemonsStorageProvider.swift */ = {isa = PBXFileReference; lastKnownFileType = sourcecode.swift; path = PokemonsStorageProvider.swift; sourceTree = "<group>"; };
		D99014E627AD230600BF4A96 /* Pokemon-app.app */ = {isa = PBXFileReference; explicitFileType = wrapper.application; includeInIndex = 0; path = "Pokemon-app.app"; sourceTree = BUILT_PRODUCTS_DIR; };
		D99014E927AD230600BF4A96 /* AppDelegate.swift */ = {isa = PBXFileReference; lastKnownFileType = sourcecode.swift; path = AppDelegate.swift; sourceTree = "<group>"; };
		D99014ED27AD230600BF4A96 /* PokemonsListController.swift */ = {isa = PBXFileReference; lastKnownFileType = sourcecode.swift; path = PokemonsListController.swift; sourceTree = "<group>"; };
		D99014F227AD230700BF4A96 /* Assets.xcassets */ = {isa = PBXFileReference; lastKnownFileType = folder.assetcatalog; path = Assets.xcassets; sourceTree = "<group>"; };
		D99014F527AD230700BF4A96 /* Base */ = {isa = PBXFileReference; lastKnownFileType = file.storyboard; name = Base; path = Base.lproj/LaunchScreen.storyboard; sourceTree = "<group>"; };
		D99014F727AD230700BF4A96 /* Info.plist */ = {isa = PBXFileReference; lastKnownFileType = text.plist.xml; path = Info.plist; sourceTree = "<group>"; };
		D99014FD27AD26EC00BF4A96 /* PokemonsListController.xib */ = {isa = PBXFileReference; lastKnownFileType = file.xib; path = PokemonsListController.xib; sourceTree = "<group>"; };
		D99014FF27AD299000BF4A96 /* URLSessionPokemonsRequester.swift */ = {isa = PBXFileReference; lastKnownFileType = sourcecode.swift; path = URLSessionPokemonsRequester.swift; sourceTree = "<group>"; };
		D9934E0828254BD70000AA70 /* BaseCoordinator.swift */ = {isa = PBXFileReference; lastKnownFileType = sourcecode.swift; path = BaseCoordinator.swift; sourceTree = "<group>"; };
		D99A77982852734500DC8C64 /* CacheManager.swift */ = {isa = PBXFileReference; lastKnownFileType = sourcecode.swift; path = CacheManager.swift; sourceTree = "<group>"; };
		D99A779A2852738700DC8C64 /* DataProvider.swift */ = {isa = PBXFileReference; lastKnownFileType = sourcecode.swift; path = DataProvider.swift; sourceTree = "<group>"; };
		D99A779C28528D8000DC8C64 /* ClassWrapper.swift */ = {isa = PBXFileReference; lastKnownFileType = sourcecode.swift; path = ClassWrapper.swift; sourceTree = "<group>"; };
		D9A34FA3283F93010069AFC1 /* NoriSessionPokemonRequester.swift */ = {isa = PBXFileReference; lastKnownFileType = sourcecode.swift; path = NoriSessionPokemonRequester.swift; sourceTree = "<group>"; };
		D9A9B6CB27F568AE001281DA /* MainCoordinator.swift */ = {isa = PBXFileReference; lastKnownFileType = sourcecode.swift; path = MainCoordinator.swift; sourceTree = "<group>"; };
		D9AF8D8F27E4754300A80E74 /* Requester.swift */ = {isa = PBXFileReference; lastKnownFileType = sourcecode.swift; path = Requester.swift; sourceTree = "<group>"; };
		D9AF8D9127E476C100A80E74 /* Pokemons.swift */ = {isa = PBXFileReference; lastKnownFileType = sourcecode.swift; path = Pokemons.swift; sourceTree = "<group>"; };
		D9F81A3227EAE360000DE32E /* PokemonsDataProvider.swift */ = {isa = PBXFileReference; lastKnownFileType = sourcecode.swift; path = PokemonsDataProvider.swift; sourceTree = "<group>"; };
		D9F81A3527EB1592000DE32E /* AssociatedTypes.swift */ = {isa = PBXFileReference; lastKnownFileType = sourcecode.swift; path = AssociatedTypes.swift; sourceTree = "<group>"; };
/* End PBXFileReference section */

/* Begin PBXFrameworksBuildPhase section */
		D99014E327AD230600BF4A96 /* Frameworks */ = {
			isa = PBXFrameworksBuildPhase;
			buildActionMask = 2147483647;
			files = (
				C6341BC285FCB20F9CE6BB40 /* Pods_Pokemon_app.framework in Frameworks */,
			);
			runOnlyForDeploymentPostprocessing = 0;
		};
/* End PBXFrameworksBuildPhase section */

/* Begin PBXGroup section */
		2929CCC0B6CC219966A99945 /* Pods */ = {
			isa = PBXGroup;
			children = (
				7A617D3627009D7C34CC30B1 /* Pods-Pokemon-app.debug.xcconfig */,
				CFF6AD5C029EC20269A58F07 /* Pods-Pokemon-app.release.xcconfig */,
			);
			path = Pods;
			sourceTree = "<group>";
		};
		894EA1777A458A939AE28A3A /* Frameworks */ = {
			isa = PBXGroup;
			children = (
				49D8DBA72A68D33249045000 /* Pods_Pokemon_app.framework */,
			);
			name = Frameworks;
			sourceTree = "<group>";
		};
		9633ED36282CF360004BB1F7 /* Recovered References */ = {
			isa = PBXGroup;
			children = (
				D9AF8D8F27E4754300A80E74 /* Requester.swift */,
			);
			name = "Recovered References";
			sourceTree = "<group>";
		};
		D94943CF27D73AE70099B43B /* Model */ = {
			isa = PBXGroup;
			children = (
				D9AF8D9127E476C100A80E74 /* Pokemons.swift */,
				D90C04512812AB9D00804AA0 /* PokemonDetails.swift */,
			);
			path = Model;
			sourceTree = "<group>";
		};
		D94943D027D73B120099B43B /* Controllers */ = {
			isa = PBXGroup;
			children = (
				D9B0FA0027EE081C00286FE7 /* PokemonDetailController */,
				D9B0F9FE27EE07A100286FE7 /* PokemonsListController */,
			);
			path = Controllers;
			sourceTree = "<group>";
		};
		D94943D127D73BA70099B43B /* Protocols */ = {
			isa = PBXGroup;
			children = (
				D94943D227D73BEC0099B43B /* RootViewGettable.swift */,
				D9F81A3227EAE360000DE32E /* PokemonsDataProvider.swift */,
				D935092F281FF6A700CF7AA4 /* PokemonsListDelegate.swift */,
				D93509332820203600CF7AA4 /* BaseView.swift */,
				D97C376628534B8C007FB4D1 /* PokemonsCacheble.swift */,
				D980EAE92873D4AD005EDA03 /* PokemonsStorageProvider.swift */,
			);
			path = Protocols;
			sourceTree = "<group>";
		};
		D94943D427D73CCA0099B43B /* Extensions */ = {
			isa = PBXGroup;
			children = (
				D94943D527D753FD0099B43B /* RootViewGettableExtension.swift */,
			);
			path = Extensions;
			sourceTree = "<group>";
		};
		D953DE9E2840C50300E84CD3 /* NoriNetworkService */ = {
			isa = PBXGroup;
			children = (
				D953DE9F2840C50300E84CD3 /* sources */,
			);
			path = NoriNetworkService;
			sourceTree = "<group>";
		};
		D953DE9F2840C50300E84CD3 /* sources */ = {
			isa = PBXGroup;
			children = (
				D953DEA02840C50300E84CD3 /* Types */,
				D953DEA22840C50300E84CD3 /* Operators */,
				D953DEA42840C50300E84CD3 /* Extensions */,
				D953DEAA2840C50300E84CD3 /* Service */,
			);
			path = sources;
			sourceTree = "<group>";
		};
		D953DEA02840C50300E84CD3 /* Types */ = {
			isa = PBXGroup;
			children = (
				D953DEA12840C50300E84CD3 /* Types.swift */,
			);
			path = Types;
			sourceTree = "<group>";
		};
		D953DEA22840C50300E84CD3 /* Operators */ = {
			isa = PBXGroup;
			children = (
				D953DEA32840C50300E84CD3 /* Operators.swift */,
			);
			path = Operators;
			sourceTree = "<group>";
		};
		D953DEA42840C50300E84CD3 /* Extensions */ = {
			isa = PBXGroup;
			children = (
				D953DEA52840C50300E84CD3 /* NetworkProcessable+Extensions.swift */,
				D953DEA62840C50300E84CD3 /* F.swift */,
				D953DEA72840C50300E84CD3 /* Dictionary+Extension.swift */,
				D953DEA82840C50300E84CD3 /* URL+Extensions.swift */,
				D953DEA92840C50300E84CD3 /* Headers+Extensions.swift */,
			);
			path = Extensions;
			sourceTree = "<group>";
		};
		D953DEAA2840C50300E84CD3 /* Service */ = {
			isa = PBXGroup;
			children = (
				D953DEAB2840C50300E84CD3 /* ErrorDecode.swift */,
				D953DEAC2840C50300E84CD3 /* Service.swift */,
				D953DEAD2840C50300E84CD3 /* URLPathBuilder.swift */,
			);
			path = Service;
			sourceTree = "<group>";
		};
		D99014DD27AD230600BF4A96 = {
			isa = PBXGroup;
			children = (
				D99014E827AD230600BF4A96 /* Pokemon-app */,
				D99014E727AD230600BF4A96 /* Products */,
				2929CCC0B6CC219966A99945 /* Pods */,
				9633ED36282CF360004BB1F7 /* Recovered References */,
				894EA1777A458A939AE28A3A /* Frameworks */,
			);
			sourceTree = "<group>";
		};
		D99014E727AD230600BF4A96 /* Products */ = {
			isa = PBXGroup;
			children = (
				D99014E627AD230600BF4A96 /* Pokemon-app.app */,
			);
			name = Products;
			sourceTree = "<group>";
		};
		D99014E827AD230600BF4A96 /* Pokemon-app */ = {
			isa = PBXGroup;
			children = (
				D953DE9E2840C50300E84CD3 /* NoriNetworkService */,
				D9934E0728254B910000AA70 /* Base Entities */,
				D9A9B6C827F4C00F001281DA /* Coordinators */,
				D9F81A3427EB148A000DE32E /* Associated Types */,
				D9F81A2F27E9B650000DE32E /* Managers */,
				D94943D427D73CCA0099B43B /* Extensions */,
				D94943CF27D73AE70099B43B /* Model */,
				D94943D027D73B120099B43B /* Controllers */,
				D94943D127D73BA70099B43B /* Protocols */,
				D99014F427AD230700BF4A96 /* LaunchScreen.storyboard */,
				D99014F727AD230700BF4A96 /* Info.plist */,
				D99014F227AD230700BF4A96 /* Assets.xcassets */,
				D99014E927AD230600BF4A96 /* AppDelegate.swift */,
				D980EAE428722F62005EDA03 /* PokemonDataModel.xcdatamodeld */,
			);
			path = "Pokemon-app";
			sourceTree = "<group>";
		};
		D9934E0728254B910000AA70 /* Base Entities */ = {
			isa = PBXGroup;
			children = (
				D93509312820080000CF7AA4 /* BaseViewController.swift */,
				D9934E0828254BD70000AA70 /* BaseCoordinator.swift */,
			);
			path = "Base Entities";
			sourceTree = "<group>";
		};
		D9A9B6C827F4C00F001281DA /* Coordinators */ = {
			isa = PBXGroup;
			children = (
				D9A9B6CB27F568AE001281DA /* MainCoordinator.swift */,
			);
			path = Coordinators;
			sourceTree = "<group>";
		};
		D9B0F9FE27EE07A100286FE7 /* PokemonsListController */ = {
			isa = PBXGroup;
			children = (
				D99014ED27AD230600BF4A96 /* PokemonsListController.swift */,
				D99014FD27AD26EC00BF4A96 /* PokemonsListController.xib */,
				D9672B0727BD39AF00C22518 /* PokemonsListView.swift */,
			);
			path = PokemonsListController;
			sourceTree = "<group>";
		};
		D9B0FA0027EE081C00286FE7 /* PokemonDetailController */ = {
			isa = PBXGroup;
			children = (
				D90C04632812E96500804AA0 /* PokemonDetailController.swift */,
				D90C04642812E96500804AA0 /* PokemonDetailController.xib */,
				D90C04672812E9CA00804AA0 /* PokemonDetailView.swift */,
			);
			path = PokemonDetailController;
			sourceTree = "<group>";
		};
		D9F81A2F27E9B650000DE32E /* Managers */ = {
			isa = PBXGroup;
			children = (
				D99014FF27AD299000BF4A96 /* URLSessionPokemonsRequester.swift */,
				D9A34FA3283F93010069AFC1 /* NoriSessionPokemonRequester.swift */,
				D99A77982852734500DC8C64 /* CacheManager.swift */,
				D99A779A2852738700DC8C64 /* DataProvider.swift */,
				D99A779C28528D8000DC8C64 /* ClassWrapper.swift */,
				D980EAE72873D128005EDA03 /* StorageManager.swift */,
			);
			name = Managers;
			path = Extensions;
			sourceTree = "<group>";
		};
		D9F81A3427EB148A000DE32E /* Associated Types */ = {
			isa = PBXGroup;
			children = (
				D9F81A3527EB1592000DE32E /* AssociatedTypes.swift */,
			);
			path = "Associated Types";
			sourceTree = "<group>";
		};
/* End PBXGroup section */

/* Begin PBXNativeTarget section */
		D99014E527AD230600BF4A96 /* Pokemon-app */ = {
			isa = PBXNativeTarget;
			buildConfigurationList = D99014FA27AD230700BF4A96 /* Build configuration list for PBXNativeTarget "Pokemon-app" */;
			buildPhases = (
				748F41CCC0284C2D8D754F36 /* [CP] Check Pods Manifest.lock */,
				D99014E227AD230600BF4A96 /* Sources */,
				D99014E327AD230600BF4A96 /* Frameworks */,
				D99014E427AD230600BF4A96 /* Resources */,
				65F8CDDC1E9ED3C0567C2D0A /* [CP] Embed Pods Frameworks */,
			);
			buildRules = (
			);
			dependencies = (
			);
			name = "Pokemon-app";
			productName = "Pokemon-app";
			productReference = D99014E627AD230600BF4A96 /* Pokemon-app.app */;
			productType = "com.apple.product-type.application";
		};
/* End PBXNativeTarget section */

/* Begin PBXProject section */
		D99014DE27AD230600BF4A96 /* Project object */ = {
			isa = PBXProject;
			attributes = {
				BuildIndependentTargetsInParallel = 1;
				LastSwiftUpdateCheck = 1320;
				LastUpgradeCheck = 1320;
				TargetAttributes = {
					D99014E527AD230600BF4A96 = {
						CreatedOnToolsVersion = 13.2.1;
					};
				};
			};
			buildConfigurationList = D99014E127AD230600BF4A96 /* Build configuration list for PBXProject "Pokemon-app" */;
			compatibilityVersion = "Xcode 13.0";
			developmentRegion = en;
			hasScannedForEncodings = 0;
			knownRegions = (
				en,
				Base,
			);
			mainGroup = D99014DD27AD230600BF4A96;
			productRefGroup = D99014E727AD230600BF4A96 /* Products */;
			projectDirPath = "";
			projectRoot = "";
			targets = (
				D99014E527AD230600BF4A96 /* Pokemon-app */,
			);
		};
/* End PBXProject section */

/* Begin PBXResourcesBuildPhase section */
		D99014E427AD230600BF4A96 /* Resources */ = {
			isa = PBXResourcesBuildPhase;
			buildActionMask = 2147483647;
			files = (
				D99014F627AD230700BF4A96 /* LaunchScreen.storyboard in Resources */,
				D99014FE27AD26EC00BF4A96 /* PokemonsListController.xib in Resources */,
				D99014F327AD230700BF4A96 /* Assets.xcassets in Resources */,
				D90C04662812E96500804AA0 /* PokemonDetailController.xib in Resources */,
			);
			runOnlyForDeploymentPostprocessing = 0;
		};
/* End PBXResourcesBuildPhase section */

/* Begin PBXShellScriptBuildPhase section */
		65F8CDDC1E9ED3C0567C2D0A /* [CP] Embed Pods Frameworks */ = {
			isa = PBXShellScriptBuildPhase;
			buildActionMask = 2147483647;
			files = (
			);
			inputFileListPaths = (
				"${PODS_ROOT}/Target Support Files/Pods-Pokemon-app/Pods-Pokemon-app-frameworks-${CONFIGURATION}-input-files.xcfilelist",
			);
			name = "[CP] Embed Pods Frameworks";
			outputFileListPaths = (
				"${PODS_ROOT}/Target Support Files/Pods-Pokemon-app/Pods-Pokemon-app-frameworks-${CONFIGURATION}-output-files.xcfilelist",
			);
			runOnlyForDeploymentPostprocessing = 0;
			shellPath = /bin/sh;
			shellScript = "\"${PODS_ROOT}/Target Support Files/Pods-Pokemon-app/Pods-Pokemon-app-frameworks.sh\"\n";
			showEnvVarsInLog = 0;
		};
		748F41CCC0284C2D8D754F36 /* [CP] Check Pods Manifest.lock */ = {
			isa = PBXShellScriptBuildPhase;
			buildActionMask = 2147483647;
			files = (
			);
			inputFileListPaths = (
			);
			inputPaths = (
				"${PODS_PODFILE_DIR_PATH}/Podfile.lock",
				"${PODS_ROOT}/Manifest.lock",
			);
			name = "[CP] Check Pods Manifest.lock";
			outputFileListPaths = (
			);
			outputPaths = (
				"$(DERIVED_FILE_DIR)/Pods-Pokemon-app-checkManifestLockResult.txt",
			);
			runOnlyForDeploymentPostprocessing = 0;
			shellPath = /bin/sh;
			shellScript = "diff \"${PODS_PODFILE_DIR_PATH}/Podfile.lock\" \"${PODS_ROOT}/Manifest.lock\" > /dev/null\nif [ $? != 0 ] ; then\n    # print error to STDERR\n    echo \"error: The sandbox is not in sync with the Podfile.lock. Run 'pod install' or update your CocoaPods installation.\" >&2\n    exit 1\nfi\n# This output is used by Xcode 'outputs' to avoid re-running this script phase.\necho \"SUCCESS\" > \"${SCRIPT_OUTPUT_FILE_0}\"\n";
			showEnvVarsInLog = 0;
		};
/* End PBXShellScriptBuildPhase section */

/* Begin PBXSourcesBuildPhase section */
		D99014E227AD230600BF4A96 /* Sources */ = {
			isa = PBXSourcesBuildPhase;
			buildActionMask = 2147483647;
			files = (
				D99A779B2852738700DC8C64 /* DataProvider.swift in Sources */,
				D9F81A3627EB1592000DE32E /* AssociatedTypes.swift in Sources */,
				D953DEB62840C50300E84CD3 /* Service.swift in Sources */,
				D9934E0928254BD70000AA70 /* BaseCoordinator.swift in Sources */,
				D99A779D28528D8000DC8C64 /* ClassWrapper.swift in Sources */,
				D97C376728534B8C007FB4D1 /* PokemonsCacheble.swift in Sources */,
				D953DEAF2840C50300E84CD3 /* Operators.swift in Sources */,
				D9A9B6CC27F568AE001281DA /* MainCoordinator.swift in Sources */,
				D953DEAE2840C50300E84CD3 /* Types.swift in Sources */,
				D9672B0827BD39AF00C22518 /* PokemonsListView.swift in Sources */,
				D953DEB02840C50300E84CD3 /* NetworkProcessable+Extensions.swift in Sources */,
				D93509342820203600CF7AA4 /* BaseView.swift in Sources */,
				D953DEB12840C50300E84CD3 /* F.swift in Sources */,
				D99014EE27AD230600BF4A96 /* PokemonsListController.swift in Sources */,
				D94943D627D753FD0099B43B /* RootViewGettableExtension.swift in Sources */,
				D953DEB72840C50300E84CD3 /* URLPathBuilder.swift in Sources */,
				D953DEB22840C50300E84CD3 /* Dictionary+Extension.swift in Sources */,
				D980EAE628722F62005EDA03 /* PokemonDataModel.xcdatamodeld in Sources */,
				D953DEB52840C50300E84CD3 /* ErrorDecode.swift in Sources */,
				D94943D327D73BEC0099B43B /* RootViewGettable.swift in Sources */,
				D99A77992852734500DC8C64 /* CacheManager.swift in Sources */,
				D9AF8D9227E476C100A80E74 /* Pokemons.swift in Sources */,
				D9350930281FF6A700CF7AA4 /* PokemonsListDelegate.swift in Sources */,
				D9F81A3327EAE360000DE32E /* PokemonsDataProvider.swift in Sources */,
				D90C04652812E96500804AA0 /* PokemonDetailController.swift in Sources */,
				D953DEB32840C50300E84CD3 /* URL+Extensions.swift in Sources */,
				D94943D327D73BEC0099B43B /* RootViewGettable.swift in Sources */,
				D90C04682812E9CA00804AA0 /* PokemonDetailView.swift in Sources */,
				D953DEB42840C50300E84CD3 /* Headers+Extensions.swift in Sources */,
				D990150027AD299000BF4A96 /* URLSessionPokemonsRequester.swift in Sources */,
				D9A34FA4283F93010069AFC1 /* NoriSessionPokemonRequester.swift in Sources */,
				D980EAEA2873D4AD005EDA03 /* PokemonsStorageProvider.swift in Sources */,
				D93509322820080000CF7AA4 /* BaseViewController.swift in Sources */,
				D99014EA27AD230600BF4A96 /* AppDelegate.swift in Sources */,
				D980EAE82873D129005EDA03 /* StorageManager.swift in Sources */,
				D90C04522812AB9D00804AA0 /* PokemonDetails.swift in Sources */,
			);
			runOnlyForDeploymentPostprocessing = 0;
		};
/* End PBXSourcesBuildPhase section */

/* Begin PBXVariantGroup section */
		D99014F427AD230700BF4A96 /* LaunchScreen.storyboard */ = {
			isa = PBXVariantGroup;
			children = (
				D99014F527AD230700BF4A96 /* Base */,
			);
			name = LaunchScreen.storyboard;
			sourceTree = "<group>";
		};
/* End PBXVariantGroup section */

/* Begin XCBuildConfiguration section */
		D99014F827AD230700BF4A96 /* Debug */ = {
			isa = XCBuildConfiguration;
			buildSettings = {
				ALWAYS_SEARCH_USER_PATHS = NO;
				CLANG_ANALYZER_NONNULL = YES;
				CLANG_ANALYZER_NUMBER_OBJECT_CONVERSION = YES_AGGRESSIVE;
				CLANG_CXX_LANGUAGE_STANDARD = "gnu++17";
				CLANG_CXX_LIBRARY = "libc++";
				CLANG_ENABLE_MODULES = YES;
				CLANG_ENABLE_OBJC_ARC = YES;
				CLANG_ENABLE_OBJC_WEAK = YES;
				CLANG_WARN_BLOCK_CAPTURE_AUTORELEASING = YES;
				CLANG_WARN_BOOL_CONVERSION = YES;
				CLANG_WARN_COMMA = YES;
				CLANG_WARN_CONSTANT_CONVERSION = YES;
				CLANG_WARN_DEPRECATED_OBJC_IMPLEMENTATIONS = YES;
				CLANG_WARN_DIRECT_OBJC_ISA_USAGE = YES_ERROR;
				CLANG_WARN_DOCUMENTATION_COMMENTS = YES;
				CLANG_WARN_EMPTY_BODY = YES;
				CLANG_WARN_ENUM_CONVERSION = YES;
				CLANG_WARN_INFINITE_RECURSION = YES;
				CLANG_WARN_INT_CONVERSION = YES;
				CLANG_WARN_NON_LITERAL_NULL_CONVERSION = YES;
				CLANG_WARN_OBJC_IMPLICIT_RETAIN_SELF = YES;
				CLANG_WARN_OBJC_LITERAL_CONVERSION = YES;
				CLANG_WARN_OBJC_ROOT_CLASS = YES_ERROR;
				CLANG_WARN_QUOTED_INCLUDE_IN_FRAMEWORK_HEADER = YES;
				CLANG_WARN_RANGE_LOOP_ANALYSIS = YES;
				CLANG_WARN_STRICT_PROTOTYPES = YES;
				CLANG_WARN_SUSPICIOUS_MOVE = YES;
				CLANG_WARN_UNGUARDED_AVAILABILITY = YES_AGGRESSIVE;
				CLANG_WARN_UNREACHABLE_CODE = YES;
				CLANG_WARN__DUPLICATE_METHOD_MATCH = YES;
				COPY_PHASE_STRIP = NO;
				DEBUG_INFORMATION_FORMAT = dwarf;
				ENABLE_STRICT_OBJC_MSGSEND = YES;
				ENABLE_TESTABILITY = YES;
				GCC_C_LANGUAGE_STANDARD = gnu11;
				GCC_DYNAMIC_NO_PIC = NO;
				GCC_NO_COMMON_BLOCKS = YES;
				GCC_OPTIMIZATION_LEVEL = 0;
				GCC_PREPROCESSOR_DEFINITIONS = (
					"DEBUG=1",
					"$(inherited)",
				);
				GCC_WARN_64_TO_32_BIT_CONVERSION = YES;
				GCC_WARN_ABOUT_RETURN_TYPE = YES_ERROR;
				GCC_WARN_UNDECLARED_SELECTOR = YES;
				GCC_WARN_UNINITIALIZED_AUTOS = YES_AGGRESSIVE;
				GCC_WARN_UNUSED_FUNCTION = YES;
				GCC_WARN_UNUSED_VARIABLE = YES;
				IPHONEOS_DEPLOYMENT_TARGET = 15.2;
				MTL_ENABLE_DEBUG_INFO = INCLUDE_SOURCE;
				MTL_FAST_MATH = YES;
				ONLY_ACTIVE_ARCH = YES;
				SDKROOT = iphoneos;
				SWIFT_ACTIVE_COMPILATION_CONDITIONS = DEBUG;
				SWIFT_OPTIMIZATION_LEVEL = "-Onone";
			};
			name = Debug;
		};
		D99014F927AD230700BF4A96 /* Release */ = {
			isa = XCBuildConfiguration;
			buildSettings = {
				ALWAYS_SEARCH_USER_PATHS = NO;
				CLANG_ANALYZER_NONNULL = YES;
				CLANG_ANALYZER_NUMBER_OBJECT_CONVERSION = YES_AGGRESSIVE;
				CLANG_CXX_LANGUAGE_STANDARD = "gnu++17";
				CLANG_CXX_LIBRARY = "libc++";
				CLANG_ENABLE_MODULES = YES;
				CLANG_ENABLE_OBJC_ARC = YES;
				CLANG_ENABLE_OBJC_WEAK = YES;
				CLANG_WARN_BLOCK_CAPTURE_AUTORELEASING = YES;
				CLANG_WARN_BOOL_CONVERSION = YES;
				CLANG_WARN_COMMA = YES;
				CLANG_WARN_CONSTANT_CONVERSION = YES;
				CLANG_WARN_DEPRECATED_OBJC_IMPLEMENTATIONS = YES;
				CLANG_WARN_DIRECT_OBJC_ISA_USAGE = YES_ERROR;
				CLANG_WARN_DOCUMENTATION_COMMENTS = YES;
				CLANG_WARN_EMPTY_BODY = YES;
				CLANG_WARN_ENUM_CONVERSION = YES;
				CLANG_WARN_INFINITE_RECURSION = YES;
				CLANG_WARN_INT_CONVERSION = YES;
				CLANG_WARN_NON_LITERAL_NULL_CONVERSION = YES;
				CLANG_WARN_OBJC_IMPLICIT_RETAIN_SELF = YES;
				CLANG_WARN_OBJC_LITERAL_CONVERSION = YES;
				CLANG_WARN_OBJC_ROOT_CLASS = YES_ERROR;
				CLANG_WARN_QUOTED_INCLUDE_IN_FRAMEWORK_HEADER = YES;
				CLANG_WARN_RANGE_LOOP_ANALYSIS = YES;
				CLANG_WARN_STRICT_PROTOTYPES = YES;
				CLANG_WARN_SUSPICIOUS_MOVE = YES;
				CLANG_WARN_UNGUARDED_AVAILABILITY = YES_AGGRESSIVE;
				CLANG_WARN_UNREACHABLE_CODE = YES;
				CLANG_WARN__DUPLICATE_METHOD_MATCH = YES;
				COPY_PHASE_STRIP = NO;
				DEBUG_INFORMATION_FORMAT = "dwarf-with-dsym";
				ENABLE_NS_ASSERTIONS = NO;
				ENABLE_STRICT_OBJC_MSGSEND = YES;
				GCC_C_LANGUAGE_STANDARD = gnu11;
				GCC_NO_COMMON_BLOCKS = YES;
				GCC_WARN_64_TO_32_BIT_CONVERSION = YES;
				GCC_WARN_ABOUT_RETURN_TYPE = YES_ERROR;
				GCC_WARN_UNDECLARED_SELECTOR = YES;
				GCC_WARN_UNINITIALIZED_AUTOS = YES_AGGRESSIVE;
				GCC_WARN_UNUSED_FUNCTION = YES;
				GCC_WARN_UNUSED_VARIABLE = YES;
				IPHONEOS_DEPLOYMENT_TARGET = 15.2;
				MTL_ENABLE_DEBUG_INFO = NO;
				MTL_FAST_MATH = YES;
				SDKROOT = iphoneos;
				SWIFT_COMPILATION_MODE = wholemodule;
				SWIFT_OPTIMIZATION_LEVEL = "-O";
				VALIDATE_PRODUCT = YES;
			};
			name = Release;
		};
		D99014FB27AD230700BF4A96 /* Debug */ = {
			isa = XCBuildConfiguration;
			baseConfigurationReference = 7A617D3627009D7C34CC30B1 /* Pods-Pokemon-app.debug.xcconfig */;
			buildSettings = {
				ASSETCATALOG_COMPILER_APPICON_NAME = AppIcon;
				ASSETCATALOG_COMPILER_GLOBAL_ACCENT_COLOR_NAME = AccentColor;
				CODE_SIGN_STYLE = Automatic;
				CURRENT_PROJECT_VERSION = 1;
				DEVELOPMENT_TEAM = 766FVMV63R;
				GENERATE_INFOPLIST_FILE = YES;
				INFOPLIST_FILE = "Pokemon-app/Info.plist";
				INFOPLIST_KEY_UIApplicationSupportsIndirectInputEvents = YES;
				INFOPLIST_KEY_UILaunchStoryboardName = LaunchScreen;
				INFOPLIST_KEY_UISupportedInterfaceOrientations_iPad = "UIInterfaceOrientationPortrait UIInterfaceOrientationPortraitUpsideDown UIInterfaceOrientationLandscapeLeft UIInterfaceOrientationLandscapeRight";
				INFOPLIST_KEY_UISupportedInterfaceOrientations_iPhone = "UIInterfaceOrientationPortrait UIInterfaceOrientationLandscapeLeft UIInterfaceOrientationLandscapeRight";
				IPHONEOS_DEPLOYMENT_TARGET = 13.0;
				LD_RUNPATH_SEARCH_PATHS = (
					"$(inherited)",
					"@executable_path/Frameworks",
				);
				MARKETING_VERSION = 1.0;
				PRODUCT_BUNDLE_IDENTIFIER = "com.ermakov.Pokemon-app";
				PRODUCT_NAME = "$(TARGET_NAME)";
				SWIFT_EMIT_LOC_STRINGS = YES;
				SWIFT_VERSION = 5.0;
				TARGETED_DEVICE_FAMILY = 1;
			};
			name = Debug;
		};
		D99014FC27AD230700BF4A96 /* Release */ = {
			isa = XCBuildConfiguration;
			baseConfigurationReference = CFF6AD5C029EC20269A58F07 /* Pods-Pokemon-app.release.xcconfig */;
			buildSettings = {
				ASSETCATALOG_COMPILER_APPICON_NAME = AppIcon;
				ASSETCATALOG_COMPILER_GLOBAL_ACCENT_COLOR_NAME = AccentColor;
				CODE_SIGN_STYLE = Automatic;
				CURRENT_PROJECT_VERSION = 1;
				DEVELOPMENT_TEAM = 766FVMV63R;
				GENERATE_INFOPLIST_FILE = YES;
				INFOPLIST_FILE = "Pokemon-app/Info.plist";
				INFOPLIST_KEY_UIApplicationSupportsIndirectInputEvents = YES;
				INFOPLIST_KEY_UILaunchStoryboardName = LaunchScreen;
				INFOPLIST_KEY_UISupportedInterfaceOrientations_iPad = "UIInterfaceOrientationPortrait UIInterfaceOrientationPortraitUpsideDown UIInterfaceOrientationLandscapeLeft UIInterfaceOrientationLandscapeRight";
				INFOPLIST_KEY_UISupportedInterfaceOrientations_iPhone = "UIInterfaceOrientationPortrait UIInterfaceOrientationLandscapeLeft UIInterfaceOrientationLandscapeRight";
				IPHONEOS_DEPLOYMENT_TARGET = 13.0;
				LD_RUNPATH_SEARCH_PATHS = (
					"$(inherited)",
					"@executable_path/Frameworks",
				);
				MARKETING_VERSION = 1.0;
				PRODUCT_BUNDLE_IDENTIFIER = "com.ermakov.Pokemon-app";
				PRODUCT_NAME = "$(TARGET_NAME)";
				SWIFT_EMIT_LOC_STRINGS = YES;
				SWIFT_VERSION = 5.0;
				TARGETED_DEVICE_FAMILY = 1;
			};
			name = Release;
		};
/* End XCBuildConfiguration section */

/* Begin XCConfigurationList section */
		D99014E127AD230600BF4A96 /* Build configuration list for PBXProject "Pokemon-app" */ = {
			isa = XCConfigurationList;
			buildConfigurations = (
				D99014F827AD230700BF4A96 /* Debug */,
				D99014F927AD230700BF4A96 /* Release */,
			);
			defaultConfigurationIsVisible = 0;
			defaultConfigurationName = Release;
		};
		D99014FA27AD230700BF4A96 /* Build configuration list for PBXNativeTarget "Pokemon-app" */ = {
			isa = XCConfigurationList;
			buildConfigurations = (
				D99014FB27AD230700BF4A96 /* Debug */,
				D99014FC27AD230700BF4A96 /* Release */,
			);
			defaultConfigurationIsVisible = 0;
			defaultConfigurationName = Release;
		};
/* End XCConfigurationList section */

/* Begin XCVersionGroup section */
		D980EAE428722F62005EDA03 /* PokemonDataModel.xcdatamodeld */ = {
			isa = XCVersionGroup;
			children = (
				D980EAE528722F62005EDA03 /* PokemonDataModel.xcdatamodel */,
			);
			currentVersion = D980EAE528722F62005EDA03 /* PokemonDataModel.xcdatamodel */;
			path = PokemonDataModel.xcdatamodeld;
			sourceTree = "<group>";
			versionGroupType = wrapper.xcdatamodel;
		};
/* End XCVersionGroup section */
	};
	rootObject = D99014DE27AD230600BF4A96 /* Project object */;
}
